
Microsoft Visual Studio Solution File, Format Version 12.00
# Visual Studio Version 17
VisualStudioVersion = 17.12.35527.113
MinimumVisualStudioVersion = 10.0.40219.1
Project("{FAE04EC0-301F-11D3-BF4B-00C04F79EFBC}") = "AIResumeScanner_Razden", "AIResumeScanner_Razden\AIResumeScanner_Razden.csproj", "{CA5D9679-74A9-4FF1-9B9D-469D4B454BAE}"
EndProject
Project("{FAE04EC0-301F-11D3-BF4B-00C04F79EFBC}") = "ExtractAndUploadToAISearchFunc", "ExtractAndUploadToAISearchFunc\ExtractAndUploadToAISearchFunc.csproj", "{CCC868BD-C670-6C88-E767-16BB5AD26A88}"
EndProject
Project("{FAE04EC0-301F-11D3-BF4B-00C04F79EFBC}") = "ResumeParserWebApi", "ResumeParserWebApi\ResumeParserWebApi.csproj", "{9F0D104B-F3B7-F0AE-E158-6670F29B4F2C}"
EndProject
Project("{FAE04EC0-301F-11D3-BF4B-00C04F79EFBC}") = "ResumeMetadataExtractFunc", "ResumeMetadataExtractFunc\ResumeMetadataExtractFunc.csproj", "{1793C456-D0C4-4625-A69B-5E207B0DF85C}"
EndProject
Global
	GlobalSection(SolutionConfigurationPlatforms) = preSolution
		Debug|Any CPU = Debug|Any CPU
		Release|Any CPU = Release|Any CPU
	EndGlobalSection
	GlobalSection(ProjectConfigurationPlatforms) = postSolution
		{CA5D9679-74A9-4FF1-9B9D-469D4B454BAE}.Debug|Any CPU.ActiveCfg = Debug|Any CPU
		{CA5D9679-74A9-4FF1-9B9D-469D4B454BAE}.Debug|Any CPU.Build.0 = Debug|Any CPU
		{CA5D9679-74A9-4FF1-9B9D-469D4B454BAE}.Release|Any CPU.ActiveCfg = Release|Any CPU
		{CA5D9679-74A9-4FF1-9B9D-469D4B454BAE}.Release|Any CPU.Build.0 = Release|Any CPU
		{CCC868BD-C670-6C88-E767-16BB5AD26A88}.Debug|Any CPU.ActiveCfg = Debug|Any CPU
		{CCC868BD-C670-6C88-E767-16BB5AD26A88}.Debug|Any CPU.Build.0 = Debug|Any CPU
		{CCC868BD-C670-6C88-E767-16BB5AD26A88}.Release|Any CPU.ActiveCfg = Release|Any CPU
		{CCC868BD-C670-6C88-E767-16BB5AD26A88}.Release|Any CPU.Build.0 = Release|Any CPU
		{9F0D104B-F3B7-F0AE-E158-6670F29B4F2C}.Debug|Any CPU.ActiveCfg = Debug|Any CPU
		{9F0D104B-F3B7-F0AE-E158-6670F29B4F2C}.Debug|Any CPU.Build.0 = Debug|Any CPU
		{9F0D104B-F3B7-F0AE-E158-6670F29B4F2C}.Release|Any CPU.ActiveCfg = Release|Any CPU
		{9F0D104B-F3B7-F0AE-E158-6670F29B4F2C}.Release|Any CPU.Build.0 = Release|Any CPU
		{1793C456-D0C4-4625-A69B-5E207B0DF85C}.Debug|Any CPU.ActiveCfg = Debug|Any CPU
		{1793C456-D0C4-4625-A69B-5E207B0DF85C}.Debug|Any CPU.Build.0 = Debug|Any CPU
		{1793C456-D0C4-4625-A69B-5E207B0DF85C}.Release|Any CPU.ActiveCfg = Release|Any CPU
		{1793C456-D0C4-4625-A69B-5E207B0DF85C}.Release|Any CPU.Build.0 = Release|Any CPU
	EndGlobalSection
	GlobalSection(SolutionProperties) = preSolution
		HideSolutionNode = FALSE
	EndGlobalSection
	GlobalSection(ExtensibilityGlobals) = postSolution
		SolutionGuid = {B4A37EAC-4CC6-4CAD-9CDD-5660DECE0D93}
	EndGlobalSection
EndGlobal
